{
  "version": 4,
  "terraform_version": "1.11.2",
  "serial": 78,
  "lineage": "ada8c020-4979-801d-15f5-ca1b5fc693f4",
  "outputs": {},
  "resources": [
    {
      "mode": "managed",
      "type": "azurerm_network_interface",
      "name": "file_nic",
      "provider": "provider[\"registry.terraform.io/hashicorp/azurerm\"]",
      "instances": [
        {
          "schema_version": 0,
          "attributes": {
            "applied_dns_servers": [],
            "dns_servers": [],
            "edge_zone": "",
            "enable_accelerated_networking": false,
            "enable_ip_forwarding": false,
            "id": "/subscriptions/c563003f-fc00-4923-94ed-785a502745d6/resourceGroups/rg-test/providers/Microsoft.Network/networkInterfaces/FileServer_nic",
            "internal_dns_name_label": "",
            "internal_domain_name_suffix": "glu40oju05aubhdnqtoslbnvnh.dx.internal.cloudapp.net",
            "ip_configuration": [
              {
                "gateway_load_balancer_frontend_ip_configuration_id": "",
                "name": "FileServer_nic_config",
                "primary": true,
                "private_ip_address": "10.10.0.4",
                "private_ip_address_allocation": "Static",
                "private_ip_address_version": "IPv4",
                "public_ip_address_id": "/subscriptions/c563003f-fc00-4923-94ed-785a502745d6/resourceGroups/rg-test/providers/Microsoft.Network/publicIPAddresses/FileServerPublicIP",
                "subnet_id": "/subscriptions/c563003f-fc00-4923-94ed-785a502745d6/resourceGroups/rg-test/providers/Microsoft.Network/virtualNetworks/Test-VNET/subnets/Subnet-active_Server_subnet"
              }
            ],
            "location": "westus",
            "mac_address": "00-0D-3A-37-AC-6F",
            "name": "FileServer_nic",
            "private_ip_address": "10.10.0.4",
            "private_ip_addresses": [
              "10.10.0.4"
            ],
            "resource_group_name": "rg-test",
            "tags": {},
            "timeouts": null,
            "virtual_machine_id": "/subscriptions/c563003f-fc00-4923-94ed-785a502745d6/resourceGroups/rg-test/providers/Microsoft.Compute/virtualMachines/FileServer"
          },
          "sensitive_attributes": [],
          "private": "eyJlMmJmYjczMC1lY2FhLTExZTYtOGY4OC0zNDM2M2JjN2M0YzAiOnsiY3JlYXRlIjoxODAwMDAwMDAwMDAwLCJkZWxldGUiOjE4MDAwMDAwMDAwMDAsInJlYWQiOjMwMDAwMDAwMDAwMCwidXBkYXRlIjoxODAwMDAwMDAwMDAwfX0=",
          "dependencies": [
            "azurerm_public_ip.file_server_pub",
            "azurerm_resource_group.rg",
            "azurerm_subnet.sub",
            "azurerm_virtual_network.vnet"
          ]
        }
      ]
    },
    {
      "mode": "managed",
      "type": "azurerm_network_interface",
      "name": "nic",
      "provider": "provider[\"registry.terraform.io/hashicorp/azurerm\"]",
      "instances": [
        {
          "schema_version": 0,
          "attributes": {
            "applied_dns_servers": [],
            "dns_servers": [],
            "edge_zone": "",
            "enable_accelerated_networking": false,
            "enable_ip_forwarding": false,
            "id": "/subscriptions/c563003f-fc00-4923-94ed-785a502745d6/resourceGroups/rg-test/providers/Microsoft.Network/networkInterfaces/nic",
            "internal_dns_name_label": "",
            "internal_domain_name_suffix": "glu40oju05aubhdnqtoslbnvnh.dx.internal.cloudapp.net",
            "ip_configuration": [
              {
                "gateway_load_balancer_frontend_ip_configuration_id": "",
                "name": "Server_nic_config",
                "primary": true,
                "private_ip_address": "10.10.0.5",
                "private_ip_address_allocation": "Static",
                "private_ip_address_version": "IPv4",
                "public_ip_address_id": "/subscriptions/c563003f-fc00-4923-94ed-785a502745d6/resourceGroups/rg-test/providers/Microsoft.Network/publicIPAddresses/serverpublicip",
                "subnet_id": "/subscriptions/c563003f-fc00-4923-94ed-785a502745d6/resourceGroups/rg-test/providers/Microsoft.Network/virtualNetworks/Test-VNET/subnets/Subnet-active_Server_subnet"
              }
            ],
            "location": "westus",
            "mac_address": "00-22-48-08-61-29",
            "name": "nic",
            "private_ip_address": "10.10.0.5",
            "private_ip_addresses": [
              "10.10.0.5"
            ],
            "resource_group_name": "rg-test",
            "tags": {},
            "timeouts": null,
            "virtual_machine_id": "/subscriptions/c563003f-fc00-4923-94ed-785a502745d6/resourceGroups/rg-test/providers/Microsoft.Compute/virtualMachines/DC"
          },
          "sensitive_attributes": [],
          "private": "eyJlMmJmYjczMC1lY2FhLTExZTYtOGY4OC0zNDM2M2JjN2M0YzAiOnsiY3JlYXRlIjoxODAwMDAwMDAwMDAwLCJkZWxldGUiOjE4MDAwMDAwMDAwMDAsInJlYWQiOjMwMDAwMDAwMDAwMCwidXBkYXRlIjoxODAwMDAwMDAwMDAwfX0=",
          "dependencies": [
            "azurerm_public_ip.serverippub",
            "azurerm_resource_group.rg",
            "azurerm_subnet.sub",
            "azurerm_virtual_network.vnet"
          ]
        }
      ]
    },
    {
      "mode": "managed",
      "type": "azurerm_network_security_group",
      "name": "servernsg",
      "provider": "provider[\"registry.terraform.io/hashicorp/azurerm\"]",
      "instances": [
        {
          "schema_version": 0,
          "attributes": {
            "id": "/subscriptions/c563003f-fc00-4923-94ed-785a502745d6/resourceGroups/rg-test/providers/Microsoft.Network/networkSecurityGroups/server-nsg",
            "location": "westus",
            "name": "server-nsg",
            "resource_group_name": "rg-test",
            "security_rule": [
              {
                "access": "Allow",
                "description": "",
                "destination_address_prefix": "*",
                "destination_address_prefixes": [],
                "destination_application_security_group_ids": [],
                "destination_port_range": "*",
                "destination_port_ranges": [],
                "direction": "Inbound",
                "name": "securityrule1",
                "priority": 100,
                "protocol": "Tcp",
                "source_address_prefix": "*",
                "source_address_prefixes": [],
                "source_application_security_group_ids": [],
                "source_port_range": "*",
                "source_port_ranges": []
              }
            ],
            "tags": {
              "environment": "Production"
            },
            "timeouts": null
          },
          "sensitive_attributes": [],
          "private": "eyJlMmJmYjczMC1lY2FhLTExZTYtOGY4OC0zNDM2M2JjN2M0YzAiOnsiY3JlYXRlIjoxODAwMDAwMDAwMDAwLCJkZWxldGUiOjE4MDAwMDAwMDAwMDAsInJlYWQiOjMwMDAwMDAwMDAwMCwidXBkYXRlIjoxODAwMDAwMDAwMDAwfX0=",
          "dependencies": [
            "azurerm_resource_group.rg"
          ]
        }
      ]
    },
    {
      "mode": "managed",
      "type": "azurerm_public_ip",
      "name": "file_server_pub",
      "provider": "provider[\"registry.terraform.io/hashicorp/azurerm\"]",
      "instances": [
        {
          "schema_version": 0,
          "attributes": {
            "allocation_method": "Static",
            "domain_name_label": null,
            "edge_zone": "",
            "fqdn": null,
            "id": "/subscriptions/c563003f-fc00-4923-94ed-785a502745d6/resourceGroups/rg-test/providers/Microsoft.Network/publicIPAddresses/FileServerPublicIP",
            "idle_timeout_in_minutes": 4,
            "ip_address": "20.253.156.200",
            "ip_tags": {},
            "ip_version": "IPv4",
            "location": "westus",
            "name": "FileServerPublicIP",
            "public_ip_prefix_id": null,
            "resource_group_name": "rg-test",
            "reverse_fqdn": null,
            "sku": "Standard",
            "sku_tier": "Regional",
            "tags": {},
            "timeouts": null,
            "zones": []
          },
          "sensitive_attributes": [],
          "private": "eyJlMmJmYjczMC1lY2FhLTExZTYtOGY4OC0zNDM2M2JjN2M0YzAiOnsiY3JlYXRlIjoxODAwMDAwMDAwMDAwLCJkZWxldGUiOjE4MDAwMDAwMDAwMDAsInJlYWQiOjMwMDAwMDAwMDAwMCwidXBkYXRlIjoxODAwMDAwMDAwMDAwfX0=",
          "dependencies": [
            "azurerm_resource_group.rg"
          ]
        }
      ]
    },
    {
      "mode": "managed",
      "type": "azurerm_public_ip",
      "name": "serverippub",
      "provider": "provider[\"registry.terraform.io/hashicorp/azurerm\"]",
      "instances": [
        {
          "schema_version": 0,
          "attributes": {
            "allocation_method": "Static",
            "domain_name_label": null,
            "edge_zone": "",
            "fqdn": null,
            "id": "/subscriptions/c563003f-fc00-4923-94ed-785a502745d6/resourceGroups/rg-test/providers/Microsoft.Network/publicIPAddresses/serverpublicip",
            "idle_timeout_in_minutes": 4,
            "ip_address": "104.40.84.123",
            "ip_tags": {},
            "ip_version": "IPv4",
            "location": "westus",
            "name": "serverpublicip",
            "public_ip_prefix_id": null,
            "resource_group_name": "rg-test",
            "reverse_fqdn": null,
            "sku": "Basic",
            "sku_tier": "Regional",
            "tags": {},
            "timeouts": null,
            "zones": []
          },
          "sensitive_attributes": [],
          "private": "eyJlMmJmYjczMC1lY2FhLTExZTYtOGY4OC0zNDM2M2JjN2M0YzAiOnsiY3JlYXRlIjoxODAwMDAwMDAwMDAwLCJkZWxldGUiOjE4MDAwMDAwMDAwMDAsInJlYWQiOjMwMDAwMDAwMDAwMCwidXBkYXRlIjoxODAwMDAwMDAwMDAwfX0=",
          "dependencies": [
            "azurerm_resource_group.rg"
          ]
        }
      ]
    },
    {
      "mode": "managed",
      "type": "azurerm_resource_group",
      "name": "rg",
      "provider": "provider[\"registry.terraform.io/hashicorp/azurerm\"]",
      "instances": [
        {
          "schema_version": 0,
          "attributes": {
            "id": "/subscriptions/c563003f-fc00-4923-94ed-785a502745d6/resourceGroups/rg-test",
            "location": "westus",
            "name": "rg-test",
            "tags": {},
            "timeouts": null
          },
          "sensitive_attributes": [],
          "private": "eyJlMmJmYjczMC1lY2FhLTExZTYtOGY4OC0zNDM2M2JjN2M0YzAiOnsiY3JlYXRlIjo1NDAwMDAwMDAwMDAwLCJkZWxldGUiOjU0MDAwMDAwMDAwMDAsInJlYWQiOjMwMDAwMDAwMDAwMCwidXBkYXRlIjo1NDAwMDAwMDAwMDAwfX0="
        }
      ]
    },
    {
      "mode": "managed",
      "type": "azurerm_subnet",
      "name": "design_subnet",
      "provider": "provider[\"registry.terraform.io/hashicorp/azurerm\"]",
      "instances": [
        {
          "schema_version": 0,
          "attributes": {
            "address_prefixes": [
              "10.30.1.0/24"
            ],
            "delegation": [],
            "enforce_private_link_endpoint_network_policies": false,
            "enforce_private_link_service_network_policies": false,
            "id": "/subscriptions/c563003f-fc00-4923-94ed-785a502745d6/resourceGroups/rg-test/providers/Microsoft.Network/virtualNetworks/Departments/subnets/Design_subnet",
            "name": "Design_subnet",
            "resource_group_name": "rg-test",
            "service_endpoint_policy_ids": [],
            "service_endpoints": [],
            "timeouts": null,
            "virtual_network_name": "Departments"
          },
          "sensitive_attributes": [],
          "private": "eyJlMmJmYjczMC1lY2FhLTExZTYtOGY4OC0zNDM2M2JjN2M0YzAiOnsiY3JlYXRlIjoxODAwMDAwMDAwMDAwLCJkZWxldGUiOjE4MDAwMDAwMDAwMDAsInJlYWQiOjMwMDAwMDAwMDAwMCwidXBkYXRlIjoxODAwMDAwMDAwMDAwfX0=",
          "dependencies": [
            "azurerm_resource_group.rg"
          ]
        }
      ]
    },
    {
      "mode": "managed",
      "type": "azurerm_subnet",
      "name": "sub",
      "provider": "provider[\"registry.terraform.io/hashicorp/azurerm\"]",
      "instances": [
        {
          "schema_version": 0,
          "attributes": {
            "address_prefixes": [
              "10.10.0.0/24"
            ],
            "delegation": [],
            "enforce_private_link_endpoint_network_policies": false,
            "enforce_private_link_service_network_policies": false,
            "id": "/subscriptions/c563003f-fc00-4923-94ed-785a502745d6/resourceGroups/rg-test/providers/Microsoft.Network/virtualNetworks/Test-VNET/subnets/Subnet-active_Server_subnet",
            "name": "Subnet-active_Server_subnet",
            "resource_group_name": "rg-test",
            "service_endpoint_policy_ids": [],
            "service_endpoints": [],
            "timeouts": null,
            "virtual_network_name": "Test-VNET"
          },
          "sensitive_attributes": [],
          "private": "eyJlMmJmYjczMC1lY2FhLTExZTYtOGY4OC0zNDM2M2JjN2M0YzAiOnsiY3JlYXRlIjoxODAwMDAwMDAwMDAwLCJkZWxldGUiOjE4MDAwMDAwMDAwMDAsInJlYWQiOjMwMDAwMDAwMDAwMCwidXBkYXRlIjoxODAwMDAwMDAwMDAwfX0=",
          "dependencies": [
            "azurerm_resource_group.rg",
            "azurerm_virtual_network.vnet"
          ]
        }
      ]
    },
    {
      "mode": "managed",
      "type": "azurerm_virtual_machine",
      "name": "file_server",
      "provider": "provider[\"registry.terraform.io/hashicorp/azurerm\"]",
      "instances": [
        {
          "schema_version": 0,
          "attributes": {
            "additional_capabilities": [],
            "availability_set_id": null,
            "boot_diagnostics": [],
            "delete_data_disks_on_termination": false,
            "delete_os_disk_on_termination": false,
            "id": "/subscriptions/c563003f-fc00-4923-94ed-785a502745d6/resourceGroups/rg-test/providers/Microsoft.Compute/virtualMachines/FileServer",
            "identity": [],
            "license_type": null,
            "location": "westus",
            "name": "FileServer",
            "network_interface_ids": [
              "/subscriptions/c563003f-fc00-4923-94ed-785a502745d6/resourceGroups/rg-test/providers/Microsoft.Network/networkInterfaces/FileServer_nic"
            ],
            "os_profile": [
              {
                "admin_password": "",
                "admin_username": "Hamda",
                "computer_name": "SSOfileserver",
                "custom_data": ""
              }
            ],
            "os_profile_linux_config": [],
            "os_profile_secrets": [],
            "os_profile_windows_config": [
              {
                "additional_unattend_config": [],
                "enable_automatic_upgrades": false,
                "provision_vm_agent": true,
                "timezone": "",
                "winrm": []
              }
            ],
            "plan": [],
            "primary_network_interface_id": null,
            "proximity_placement_group_id": null,
            "resource_group_name": "rg-test",
            "storage_data_disk": [],
            "storage_image_reference": [
              {
                "id": "",
                "offer": "WindowsServer",
                "publisher": "MicrosoftWindowsServer",
                "sku": "2016-Datacenter",
                "version": "latest"
              }
            ],
            "storage_os_disk": [
              {
                "caching": "ReadWrite",
                "create_option": "FromImage",
                "disk_size_gb": 127,
                "image_uri": "",
                "managed_disk_id": "/subscriptions/c563003f-fc00-4923-94ed-785a502745d6/resourceGroups/rg-test/providers/Microsoft.Compute/disks/FileServerDisk",
                "managed_disk_type": "Standard_LRS",
                "name": "FileServerDisk",
                "os_type": "Windows",
                "vhd_uri": "",
                "write_accelerator_enabled": false
              }
            ],
            "tags": {},
            "timeouts": null,
            "vm_size": "Standard_A2_v2",
            "zones": []
          },
          "sensitive_attributes": [
            [
              {
                "type": "get_attr",
                "value": "os_profile"
              }
            ]
          ],
          "private": "eyJlMmJmYjczMC1lY2FhLTExZTYtOGY4OC0zNDM2M2JjN2M0YzAiOnsiY3JlYXRlIjozNjAwMDAwMDAwMDAwLCJkZWxldGUiOjM2MDAwMDAwMDAwMDAsInJlYWQiOjMwMDAwMDAwMDAwMCwidXBkYXRlIjozNjAwMDAwMDAwMDAwfX0=",
          "dependencies": [
            "azurerm_network_interface.file_nic",
            "azurerm_network_interface.nic",
            "azurerm_public_ip.file_server_pub",
            "azurerm_public_ip.serverippub",
            "azurerm_resource_group.rg",
            "azurerm_subnet.sub",
            "azurerm_virtual_machine.mainserver",
            "azurerm_virtual_network.vnet"
          ]
        }
      ]
    },
    {
      "mode": "managed",
      "type": "azurerm_virtual_machine",
      "name": "mainserver",
      "provider": "provider[\"registry.terraform.io/hashicorp/azurerm\"]",
      "instances": [
        {
          "schema_version": 0,
          "attributes": {
            "additional_capabilities": [],
            "availability_set_id": null,
            "boot_diagnostics": [],
            "delete_data_disks_on_termination": false,
            "delete_os_disk_on_termination": false,
            "id": "/subscriptions/c563003f-fc00-4923-94ed-785a502745d6/resourceGroups/rg-test/providers/Microsoft.Compute/virtualMachines/DC",
            "identity": [],
            "license_type": null,
            "location": "westus",
            "name": "DC",
            "network_interface_ids": [
              "/subscriptions/c563003f-fc00-4923-94ed-785a502745d6/resourceGroups/rg-test/providers/Microsoft.Network/networkInterfaces/nic"
            ],
            "os_profile": [
              {
                "admin_password": "",
                "admin_username": "Hamda",
                "computer_name": "mainserver",
                "custom_data": ""
              }
            ],
            "os_profile_linux_config": [],
            "os_profile_secrets": [],
            "os_profile_windows_config": [
              {
                "additional_unattend_config": [],
                "enable_automatic_upgrades": false,
                "provision_vm_agent": true,
                "timezone": "",
                "winrm": []
              }
            ],
            "plan": [],
            "primary_network_interface_id": null,
            "proximity_placement_group_id": null,
            "resource_group_name": "rg-test",
            "storage_data_disk": [],
            "storage_image_reference": [
              {
                "id": "",
                "offer": "WindowsServer",
                "publisher": "MicrosoftWindowsServer",
                "sku": "2016-Datacenter",
                "version": "latest"
              }
            ],
            "storage_os_disk": [
              {
                "caching": "ReadWrite",
                "create_option": "FromImage",
                "disk_size_gb": 127,
                "image_uri": "",
                "managed_disk_id": "/subscriptions/c563003f-fc00-4923-94ed-785a502745d6/resourceGroups/rg-test/providers/Microsoft.Compute/disks/ServerDisk",
                "managed_disk_type": "Standard_LRS",
                "name": "ServerDisk",
                "os_type": "Windows",
                "vhd_uri": "",
                "write_accelerator_enabled": false
              }
            ],
            "tags": {},
            "timeouts": null,
            "vm_size": "Standard_A2_v2",
            "zones": []
          },
          "sensitive_attributes": [
            [
              {
                "type": "get_attr",
                "value": "os_profile"
              }
            ]
          ],
          "private": "eyJlMmJmYjczMC1lY2FhLTExZTYtOGY4OC0zNDM2M2JjN2M0YzAiOnsiY3JlYXRlIjozNjAwMDAwMDAwMDAwLCJkZWxldGUiOjM2MDAwMDAwMDAwMDAsInJlYWQiOjMwMDAwMDAwMDAwMCwidXBkYXRlIjozNjAwMDAwMDAwMDAwfX0=",
          "dependencies": [
            "azurerm_network_interface.nic",
            "azurerm_public_ip.serverippub",
            "azurerm_resource_group.rg",
            "azurerm_subnet.sub",
            "azurerm_virtual_network.vnet"
          ]
        }
      ]
    },
    {
      "mode": "managed",
      "type": "azurerm_virtual_machine_extension",
      "name": "server_script",
      "provider": "provider[\"registry.terraform.io/hashicorp/azurerm\"]",
      "instances": [
        {
          "schema_version": 0,
          "attributes": {
            "auto_upgrade_minor_version": false,
            "automatic_upgrade_enabled": false,
            "id": "/subscriptions/c563003f-fc00-4923-94ed-785a502745d6/resourceGroups/rg-test/providers/Microsoft.Compute/virtualMachines/DC/extensions/InstallAD",
            "name": "InstallAD",
            "protected_settings": null,
            "publisher": "Microsoft.compute",
            "settings": "{\"commandToExecute\":\"powershell.exe -ExecutionPolicy Unrestricted -Command \\\"if (-not ([Security.Principal.WindowsPrincipal] [Security.Principal.WindowsIdentity]::GetCurrent()).IsInRole([Security.Principal.WindowsBuiltInRole] 'Administrator')) { Write-Host 'This script must be run as Administrator.'; exit }; Install-WindowsFeature -Name AD-Domain-Services -IncludeManagementTools; Import-Module ADDSDeployment; Install-ADDSForest -DomainName 'TestDomain.local' -DomainNetbiosName 'TESTDOMAIN' -SafeModeAdministratorPassword (ConvertTo-SecureString 'P@ssw0rd123!' -AsPlainText -Force) -InstallDNS -Force -NoRebootOnCompletion; Restart-Computer -Force\\\"\"}",
            "tags": {},
            "timeouts": null,
            "type": "CustomScriptExtension",
            "type_handler_version": "1.10",
            "virtual_machine_id": "/subscriptions/c563003f-fc00-4923-94ed-785a502745d6/resourceGroups/rg-test/providers/Microsoft.Compute/virtualMachines/DC"
          },
          "sensitive_attributes": [
            [
              {
                "type": "get_attr",
                "value": "protected_settings"
              }
            ]
          ],
          "private": "eyJlMmJmYjczMC1lY2FhLTExZTYtOGY4OC0zNDM2M2JjN2M0YzAiOnsiY3JlYXRlIjoxODAwMDAwMDAwMDAwLCJkZWxldGUiOjE4MDAwMDAwMDAwMDAsInJlYWQiOjMwMDAwMDAwMDAwMCwidXBkYXRlIjoxODAwMDAwMDAwMDAwfX0=",
          "dependencies": [
            "azurerm_network_interface.nic",
            "azurerm_public_ip.serverippub",
            "azurerm_resource_group.rg",
            "azurerm_subnet.sub",
            "azurerm_virtual_machine.mainserver",
            "azurerm_virtual_network.vnet"
          ]
        }
      ]
    },
    {
      "mode": "managed",
      "type": "azurerm_virtual_network",
      "name": "dept_vnet",
      "provider": "provider[\"registry.terraform.io/hashicorp/azurerm\"]",
      "instances": [
        {
          "schema_version": 0,
          "attributes": {
            "address_space": [
              "10.30.0.0/16"
            ],
            "bgp_community": "",
            "ddos_protection_plan": [],
            "dns_servers": [],
            "edge_zone": "",
            "flow_timeout_in_minutes": 0,
            "guid": "730303b1-3583-4a0b-b4ac-da6a590b84a8",
            "id": "/subscriptions/c563003f-fc00-4923-94ed-785a502745d6/resourceGroups/rg-test/providers/Microsoft.Network/virtualNetworks/Departments",
            "location": "westus",
            "name": "Departments",
            "resource_group_name": "rg-test",
            "subnet": [
              {
                "address_prefix": "10.30.1.0/24",
                "id": "/subscriptions/c563003f-fc00-4923-94ed-785a502745d6/resourceGroups/rg-test/providers/Microsoft.Network/virtualNetworks/Departments/subnets/Design_subnet",
                "name": "Design_subnet",
                "security_group": ""
              }
            ],
            "tags": {},
            "timeouts": null
          },
          "sensitive_attributes": [],
          "private": "eyJlMmJmYjczMC1lY2FhLTExZTYtOGY4OC0zNDM2M2JjN2M0YzAiOnsiY3JlYXRlIjoxODAwMDAwMDAwMDAwLCJkZWxldGUiOjE4MDAwMDAwMDAwMDAsInJlYWQiOjMwMDAwMDAwMDAwMCwidXBkYXRlIjoxODAwMDAwMDAwMDAwfX0="
        }
      ]
    },
    {
      "mode": "managed",
      "type": "azurerm_virtual_network",
      "name": "vnet",
      "provider": "provider[\"registry.terraform.io/hashicorp/azurerm\"]",
      "instances": [
        {
          "schema_version": 0,
          "attributes": {
            "address_space": [
              "10.10.0.0/16"
            ],
            "bgp_community": "",
            "ddos_protection_plan": [],
            "dns_servers": [],
            "edge_zone": "",
            "flow_timeout_in_minutes": 0,
            "guid": "39ede932-d734-40c1-9c6d-84dd2585b56f",
            "id": "/subscriptions/c563003f-fc00-4923-94ed-785a502745d6/resourceGroups/rg-test/providers/Microsoft.Network/virtualNetworks/Test-VNET",
            "location": "westus",
            "name": "Test-VNET",
            "resource_group_name": "rg-test",
            "subnet": [
              {
                "address_prefix": "10.10.0.0/24",
                "id": "/subscriptions/c563003f-fc00-4923-94ed-785a502745d6/resourceGroups/rg-test/providers/Microsoft.Network/virtualNetworks/Test-VNET/subnets/Subnet-active_Server_subnet",
                "name": "Subnet-active_Server_subnet",
                "security_group": ""
              }
            ],
            "tags": {},
            "timeouts": null
          },
          "sensitive_attributes": [],
          "private": "eyJlMmJmYjczMC1lY2FhLTExZTYtOGY4OC0zNDM2M2JjN2M0YzAiOnsiY3JlYXRlIjoxODAwMDAwMDAwMDAwLCJkZWxldGUiOjE4MDAwMDAwMDAwMDAsInJlYWQiOjMwMDAwMDAwMDAwMCwidXBkYXRlIjoxODAwMDAwMDAwMDAwfX0=",
          "dependencies": [
            "azurerm_resource_group.rg"
          ]
        }
      ]
    }
  ],
  "check_results": null
}
